{
  "version": 4,
  "terraform_version": "1.11.4",
  "serial": 63,
  "lineage": "669bda38-e5e0-d5f1-f08d-268ca0e550a8",
  "outputs": {
    "instance_ip": {
      "value": "34.68.26.171",
      "type": "string"
    }
  },
  "resources": [
    {
      "mode": "managed",
      "type": "google_compute_firewall",
      "name": "allow_app_ports",
      "provider": "provider[\"registry.terraform.io/hashicorp/google\"]",
      "instances": [
        {
          "schema_version": 1,
          "attributes": {
            "allow": [
              {
                "ports": [
                  "22",
                  "3000",
                  "5000",
                  "27017"
                ],
                "protocol": "tcp"
              }
            ],
            "creation_timestamp": "2025-05-02T21:04:56.507-07:00",
            "deny": [],
            "description": "",
            "destination_ranges": [],
            "direction": "INGRESS",
            "disabled": false,
            "enable_logging": null,
            "id": "projects/ip3-papsyops/global/firewalls/allow-app-ports",
            "log_config": [],
            "name": "allow-app-ports",
            "network": "https://www.googleapis.com/compute/v1/projects/ip3-papsyops/global/networks/default",
            "priority": 1000,
            "project": "ip3-papsyops",
            "self_link": "https://www.googleapis.com/compute/v1/projects/ip3-papsyops/global/firewalls/allow-app-ports",
            "source_ranges": [
              "0.0.0.0/0"
            ],
            "source_service_accounts": null,
            "source_tags": null,
            "target_service_accounts": null,
            "target_tags": [
              "http-server"
            ],
            "timeouts": null
          },
          "sensitive_attributes": [],
          "private": "eyJlMmJmYjczMC1lY2FhLTExZTYtOGY4OC0zNDM2M2JjN2M0YzAiOnsiY3JlYXRlIjoxMjAwMDAwMDAwMDAwLCJkZWxldGUiOjEyMDAwMDAwMDAwMDAsInVwZGF0ZSI6MTIwMDAwMDAwMDAwMH0sInNjaGVtYV92ZXJzaW9uIjoiMSJ9"
        }
      ]
    },
    {
      "mode": "managed",
      "type": "google_compute_instance",
      "name": "devops_vm",
      "provider": "provider[\"registry.terraform.io/hashicorp/google\"]",
      "instances": [
        {
          "schema_version": 6,
          "attributes": {
            "advanced_machine_features": [],
            "allow_stopping_for_update": null,
            "attached_disk": [],
            "boot_disk": [
              {
                "auto_delete": true,
                "device_name": "persistent-disk-0",
                "disk_encryption_key_raw": "",
                "disk_encryption_key_rsa": "",
                "disk_encryption_key_sha256": "",
                "disk_encryption_service_account": "",
                "guest_os_features": [
                  "VIRTIO_SCSI_MULTIQUEUE",
                  "SEV_CAPABLE",
                  "SEV_SNP_CAPABLE",
                  "SEV_LIVE_MIGRATABLE",
                  "SEV_LIVE_MIGRATABLE_V2",
                  "IDPF",
                  "TDX_CAPABLE",
                  "UEFI_COMPATIBLE",
                  "GVNIC"
                ],
                "initialize_params": [
                  {
                    "architecture": "X86_64",
                    "enable_confidential_compute": false,
                    "image": "https://www.googleapis.com/compute/v1/projects/ubuntu-os-cloud/global/images/ubuntu-2204-jammy-v20250430",
                    "labels": {},
                    "provisioned_iops": 0,
                    "provisioned_throughput": 0,
                    "resource_manager_tags": null,
                    "resource_policies": [],
                    "size": 10,
                    "snapshot": "",
                    "source_image_encryption_key": [],
                    "source_snapshot_encryption_key": [],
                    "storage_pool": "",
                    "type": "pd-standard"
                  }
                ],
                "interface": "",
                "kms_key_self_link": "",
                "mode": "READ_WRITE",
                "source": "https://www.googleapis.com/compute/v1/projects/ip3-papsyops/zones/us-central1-a/disks/devops-vm"
              }
            ],
            "can_ip_forward": false,
            "confidential_instance_config": [],
            "cpu_platform": "Intel Broadwell",
            "creation_timestamp": "2025-05-02T21:04:59.293-07:00",
            "current_status": "RUNNING",
            "deletion_protection": false,
            "description": "",
            "desired_status": null,
            "effective_labels": {
              "goog-terraform-provisioned": "true"
            },
            "enable_display": false,
            "guest_accelerator": [],
            "hostname": "",
            "id": "projects/ip3-papsyops/zones/us-central1-a/instances/devops-vm",
            "instance_encryption_key": [],
            "instance_id": "7378389093265713924",
            "key_revocation_action_type": "",
            "label_fingerprint": "vezUS-42LLM=",
            "labels": null,
            "machine_type": "e2-micro",
            "metadata": {
              "ssh-keys": "papetua:ssh-rsa AAAAB3NzaC1yc2EAAAADAQABAAACAQCcKZ+F9nwp4ASn+6VToLzmDE95omie6Fl2DRdtJNRmGdAbk6cDRoZuWipb6tzz1cwm1FtKgGTY/xBeBfhKlM9NThJvJDmnU4CwwfIx0H/NpuyJLZx/cbSYs+JtrF8Gq3igzdxvH4hp/KLnoIRFKFEqnLgmugK/wJjt8fGIeX6Dwuaq+0gxVn4UmFfgsmhB3/hOIuM/g6xbYuq15AQ39pBQ1Z9rPYjpHUQOKnMSsYQojVQ8a5dP2a3FLuuuZlmP7TOEdabL0tVCrTiZGiajSJKOvmcs7vf1SnIqQIoY238ChP4feUxjy4csgqjC8m4Mmu40VHcU3GbKy/3UiE0kGyQ4KIhYI4l8gNCuRi7Ot9f2gU2F5SF9+bAMm07S0HGKwoV6QgCjY4WwmnWGVdP5WzGunvX2d+L8I2u/pRk8BHkCEsv7MUAK0CDjvIrq9cLwM/bqvmpoHrTQq5FCADBjRZStt5cJ1YtqlrPkOT9s1oaoFOFAPQoWzJZhog0nwCJmn58wrslEtwy1zR9tZdItSvQZi+sNyEKrvS3CchnNMaOrGOxeG7MkNRrFMsm/Mn0+ov3JeWWzsPsQfpcOK1HWXyFSpIdqn8zB+kiCc5ivDVxDXec7IgzaJnHoGhq5KgoytDvt8goVwoavmPR8/a4/4EkeX5jRoxku21EJLuI8KY+Qdw== papetua.narina@student.moringaschool.com\n"
            },
            "metadata_fingerprint": "A--o97aFh6c=",
            "metadata_startup_script": null,
            "min_cpu_platform": "",
            "name": "devops-vm",
            "network_interface": [
              {
                "access_config": [
                  {
                    "nat_ip": "34.68.26.171",
                    "network_tier": "PREMIUM",
                    "public_ptr_domain_name": ""
                  }
                ],
                "alias_ip_range": [],
                "internal_ipv6_prefix_length": 0,
                "ipv6_access_config": [],
                "ipv6_access_type": "",
                "ipv6_address": "",
                "name": "nic0",
                "network": "https://www.googleapis.com/compute/v1/projects/ip3-papsyops/global/networks/default",
                "network_attachment": "",
                "network_ip": "10.128.0.17",
                "nic_type": "",
                "queue_count": 0,
                "stack_type": "IPV4_ONLY",
                "subnetwork": "https://www.googleapis.com/compute/v1/projects/ip3-papsyops/regions/us-central1/subnetworks/default",
                "subnetwork_project": "ip3-papsyops"
              }
            ],
            "network_performance_config": [],
            "params": [],
            "project": "ip3-papsyops",
            "reservation_affinity": [],
            "resource_policies": null,
            "scheduling": [
              {
                "automatic_restart": true,
                "availability_domain": 0,
                "instance_termination_action": "",
                "local_ssd_recovery_timeout": [],
                "max_run_duration": [],
                "min_node_cpus": 0,
                "node_affinities": [],
                "on_host_maintenance": "MIGRATE",
                "on_instance_stop_action": [],
                "preemptible": false,
                "provisioning_model": "STANDARD",
                "termination_time": ""
              }
            ],
            "scratch_disk": [],
            "self_link": "https://www.googleapis.com/compute/v1/projects/ip3-papsyops/zones/us-central1-a/instances/devops-vm",
            "service_account": [],
            "shielded_instance_config": [
              {
                "enable_integrity_monitoring": true,
                "enable_secure_boot": false,
                "enable_vtpm": true
              }
            ],
            "tags": [
              "http-server",
              "https-server"
            ],
            "tags_fingerprint": "6smc4R4d39I=",
            "terraform_labels": {
              "goog-terraform-provisioned": "true"
            },
            "timeouts": null,
            "zone": "us-central1-a"
          },
          "sensitive_attributes": [
            [
              {
                "type": "get_attr",
                "value": "boot_disk"
              },
              {
                "type": "index",
                "value": {
                  "value": 0,
                  "type": "number"
                }
              },
              {
                "type": "get_attr",
                "value": "disk_encryption_key_raw"
              }
            ],
            [
              {
                "type": "get_attr",
                "value": "boot_disk"
              },
              {
                "type": "index",
                "value": {
                  "value": 0,
                  "type": "number"
                }
              },
              {
                "type": "get_attr",
                "value": "disk_encryption_key_rsa"
              }
            ]
          ],
          "private": "eyJlMmJmYjczMC1lY2FhLTExZTYtOGY4OC0zNDM2M2JjN2M0YzAiOnsiY3JlYXRlIjoxMjAwMDAwMDAwMDAwLCJkZWxldGUiOjEyMDAwMDAwMDAwMDAsInVwZGF0ZSI6MTIwMDAwMDAwMDAwMH0sInNjaGVtYV92ZXJzaW9uIjoiNiJ9"
        }
      ]
    }
  ],
  "check_results": null
}
